
Microsoft Visual Studio Solution File, Format Version 12.00
# Visual Studio 15
VisualStudioVersion = 15.0.28010.2003
MinimumVisualStudioVersion = 10.0.40219.1
Project("{9A19103F-16F7-4668-BE54-9A1E7A4F7556}") = "CoreTest", "CoreTest\CoreTest.csproj", "{302F73D6-C794-42A7-A7FC-0075282702F5}"
EndProject
Project("{00D1A9C2-B5F0-4AF3-8072-F6C62B433612}") = "TestDB", "TestDB\TestDB.sqlproj", "{4BABB59C-466F-47E2-9AC6-BA8944D2C45B}"
EndProject
Project("{FAE04EC0-301F-11D3-BF4B-00C04F79EFBC}") = "Data", "Data\Data.csproj", "{4B7CF515-121B-4E90-8C9D-DFD9A7E5409E}"
EndProject
Project("{FAE04EC0-301F-11D3-BF4B-00C04F79EFBC}") = "Core", "Core\Core.csproj", "{C5047E34-7399-4FBC-8E03-CAD4F32E4D5D}"
EndProject
Project("{2150E333-8FDC-42A3-9474-1A3956D46DE8}") = "Common", "Common", "{32849781-7195-4747-9038-F53A3A8B03BA}"
EndProject
Project("{FAE04EC0-301F-11D3-BF4B-00C04F79EFBC}") = "Business", "Business\Business.csproj", "{EB0386A9-9C9D-4C75-A682-EF28432B64F8}"
EndProject
Global
	GlobalSection(SolutionConfigurationPlatforms) = preSolution
		Debug|Any CPU = Debug|Any CPU
		Release|Any CPU = Release|Any CPU
	EndGlobalSection
	GlobalSection(ProjectConfigurationPlatforms) = postSolution
		{302F73D6-C794-42A7-A7FC-0075282702F5}.Debug|Any CPU.ActiveCfg = Debug|Any CPU
		{302F73D6-C794-42A7-A7FC-0075282702F5}.Debug|Any CPU.Build.0 = Debug|Any CPU
		{302F73D6-C794-42A7-A7FC-0075282702F5}.Release|Any CPU.ActiveCfg = Release|Any CPU
		{302F73D6-C794-42A7-A7FC-0075282702F5}.Release|Any CPU.Build.0 = Release|Any CPU
		{4BABB59C-466F-47E2-9AC6-BA8944D2C45B}.Debug|Any CPU.ActiveCfg = Debug|Any CPU
		{4BABB59C-466F-47E2-9AC6-BA8944D2C45B}.Debug|Any CPU.Build.0 = Debug|Any CPU
		{4BABB59C-466F-47E2-9AC6-BA8944D2C45B}.Debug|Any CPU.Deploy.0 = Debug|Any CPU
		{4BABB59C-466F-47E2-9AC6-BA8944D2C45B}.Release|Any CPU.ActiveCfg = Release|Any CPU
		{4BABB59C-466F-47E2-9AC6-BA8944D2C45B}.Release|Any CPU.Build.0 = Release|Any CPU
		{4BABB59C-466F-47E2-9AC6-BA8944D2C45B}.Release|Any CPU.Deploy.0 = Release|Any CPU
		{4B7CF515-121B-4E90-8C9D-DFD9A7E5409E}.Debug|Any CPU.ActiveCfg = Debug|Any CPU
		{4B7CF515-121B-4E90-8C9D-DFD9A7E5409E}.Debug|Any CPU.Build.0 = Debug|Any CPU
		{4B7CF515-121B-4E90-8C9D-DFD9A7E5409E}.Release|Any CPU.ActiveCfg = Release|Any CPU
		{4B7CF515-121B-4E90-8C9D-DFD9A7E5409E}.Release|Any CPU.Build.0 = Release|Any CPU
		{C5047E34-7399-4FBC-8E03-CAD4F32E4D5D}.Debug|Any CPU.ActiveCfg = Debug|Any CPU
		{C5047E34-7399-4FBC-8E03-CAD4F32E4D5D}.Debug|Any CPU.Build.0 = Debug|Any CPU
		{C5047E34-7399-4FBC-8E03-CAD4F32E4D5D}.Release|Any CPU.ActiveCfg = Release|Any CPU
		{C5047E34-7399-4FBC-8E03-CAD4F32E4D5D}.Release|Any CPU.Build.0 = Release|Any CPU
		{EB0386A9-9C9D-4C75-A682-EF28432B64F8}.Debug|Any CPU.ActiveCfg = Debug|Any CPU
		{EB0386A9-9C9D-4C75-A682-EF28432B64F8}.Debug|Any CPU.Build.0 = Debug|Any CPU
		{EB0386A9-9C9D-4C75-A682-EF28432B64F8}.Release|Any CPU.ActiveCfg = Release|Any CPU
		{EB0386A9-9C9D-4C75-A682-EF28432B64F8}.Release|Any CPU.Build.0 = Release|Any CPU
	EndGlobalSection
	GlobalSection(SolutionProperties) = preSolution
		HideSolutionNode = FALSE
	EndGlobalSection
	GlobalSection(NestedProjects) = preSolution
		{4B7CF515-121B-4E90-8C9D-DFD9A7E5409E} = {32849781-7195-4747-9038-F53A3A8B03BA}
		{C5047E34-7399-4FBC-8E03-CAD4F32E4D5D} = {32849781-7195-4747-9038-F53A3A8B03BA}
		{EB0386A9-9C9D-4C75-A682-EF28432B64F8} = {32849781-7195-4747-9038-F53A3A8B03BA}
	EndGlobalSection
	GlobalSection(ExtensibilityGlobals) = postSolution
		SolutionGuid = {F73A0EF8-DD21-45B7-8315-C53860086EC6}
	EndGlobalSection
EndGlobal
